// !$*UTF8*$!
{
	archiveVersion = 1;
	classes = {
	};
	objectVersion = 46;
	objects = {

/* Begin PBXBuildFile section */
		4E0B8F761CE637AC00D13CC1 /* select.png in Resources */ = {isa = PBXBuildFile; fileRef = 4E0B8F711CE637AC00D13CC1 /* select.png */; };
		4E0B8F771CE637AC00D13CC1 /* XDDropDownMenu.m in Sources */ = {isa = PBXBuildFile; fileRef = 4E0B8F731CE637AC00D13CC1 /* XDDropDownMenu.m */; };
		4E0B8F781CE637AC00D13CC1 /* XDIndexPath.m in Sources */ = {isa = PBXBuildFile; fileRef = 4E0B8F751CE637AC00D13CC1 /* XDIndexPath.m */; };
		4EF2DD1F1CD77B7200558674 /* main.m in Sources */ = {isa = PBXBuildFile; fileRef = 4EF2DD1E1CD77B7200558674 /* main.m */; };
		4EF2DD221CD77B7200558674 /* AppDelegate.m in Sources */ = {isa = PBXBuildFile; fileRef = 4EF2DD211CD77B7200558674 /* AppDelegate.m */; };
		4EF2DD251CD77B7200558674 /* ViewController.m in Sources */ = {isa = PBXBuildFile; fileRef = 4EF2DD241CD77B7200558674 /* ViewController.m */; };
		4EF2DD281CD77B7200558674 /* Main.storyboard in Resources */ = {isa = PBXBuildFile; fileRef = 4EF2DD261CD77B7200558674 /* Main.storyboard */; };
		4EF2DD2A1CD77B7200558674 /* Assets.xcassets in Resources */ = {isa = PBXBuildFile; fileRef = 4EF2DD291CD77B7200558674 /* Assets.xcassets */; };
		4EF2DD2D1CD77B7200558674 /* LaunchScreen.storyboard in Resources */ = {isa = PBXBuildFile; fileRef = 4EF2DD2B1CD77B7200558674 /* LaunchScreen.storyboard */; };
/* End PBXBuildFile section */

/* Begin PBXFileReference section */
		4E0B8F711CE637AC00D13CC1 /* select.png */ = {isa = PBXFileReference; lastKnownFileType = image.png; path = select.png; sourceTree = "<group>"; };
		4E0B8F721CE637AC00D13CC1 /* XDDropDownMenu.h */ = {isa = PBXFileReference; fileEncoding = 4; lastKnownFileType = sourcecode.c.h; path = XDDropDownMenu.h; sourceTree = "<group>"; };
		4E0B8F731CE637AC00D13CC1 /* XDDropDownMenu.m */ = {isa = PBXFileReference; fileEncoding = 4; lastKnownFileType = sourcecode.c.objc; path = XDDropDownMenu.m; sourceTree = "<group>"; };
		4E0B8F741CE637AC00D13CC1 /* XDIndexPath.h */ = {isa = PBXFileReference; fileEncoding = 4; lastKnownFileType = sourcecode.c.h; path = XDIndexPath.h; sourceTree = "<group>"; };
		4E0B8F751CE637AC00D13CC1 /* XDIndexPath.m */ = {isa = PBXFileReference; fileEncoding = 4; lastKnownFileType = sourcecode.c.objc; path = XDIndexPath.m; sourceTree = "<group>"; };
		4EF2DD1A1CD77B7200558674 /* XDDropDownMenu.app */ = {isa = PBXFileReference; explicitFileType = wrapper.application; includeInIndex = 0; path = XDDropDownMenu.app; sourceTree = BUILT_PRODUCTS_DIR; };
		4EF2DD1E1CD77B7200558674 /* main.m */ = {isa = PBXFileReference; lastKnownFileType = sourcecode.c.objc; path = main.m; sourceTree = "<group>"; };
		4EF2DD201CD77B7200558674 /* AppDelegate.h */ = {isa = PBXFileReference; lastKnownFileType = sourcecode.c.h; path = AppDelegate.h; sourceTree = "<group>"; };
		4EF2DD211CD77B7200558674 /* AppDelegate.m */ = {isa = PBXFileReference; lastKnownFileType = sourcecode.c.objc; path = AppDelegate.m; sourceTree = "<group>"; };
		4EF2DD231CD77B7200558674 /* ViewController.h */ = {isa = PBXFileReference; lastKnownFileType = sourcecode.c.h; path = ViewController.h; sourceTree = "<group>"; };
		4EF2DD241CD77B7200558674 /* ViewController.m */ = {isa = PBXFileReference; lastKnownFileType = sourcecode.c.objc; path = ViewController.m; sourceTree = "<group>"; };
		4EF2DD271CD77B7200558674 /* Base */ = {isa = PBXFileReference; lastKnownFileType = file.storyboard; name = Base; path = Base.lproj/Main.storyboard; sourceTree = "<group>"; };
		4EF2DD291CD77B7200558674 /* Assets.xcassets */ = {isa = PBXFileReference; lastKnownFileType = folder.assetcatalog; path = Assets.xcassets; sourceTree = "<group>"; };
		4EF2DD2C1CD77B7200558674 /* Base */ = {isa = PBXFileReference; lastKnownFileType = file.storyboard; name = Base; path = Base.lproj/LaunchScreen.storyboard; sourceTree = "<group>"; };
		4EF2DD2E1CD77B7200558674 /* Info.plist */ = {isa = PBXFileReference; lastKnownFileType = text.plist.xml; path = Info.plist; sourceTree = "<group>"; };
/* End PBXFileReference section */

/* Begin PBXFrameworksBuildPhase section */
		4EF2DD171CD77B7200558674 /* Frameworks */ = {
			isa = PBXFrameworksBuildPhase;
			buildActionMask = 2147483647;
			files = (
			);
			runOnlyForDeploymentPostprocessing = 0;
		};
/* End PBXFrameworksBuildPhase section */

/* Begin PBXGroup section */
		4E0B8F701CE637AC00D13CC1 /* Classes */ = {
			isa = PBXGroup;
			children = (
				4E0B8F711CE637AC00D13CC1 /* select.png */,
				4E0B8F721CE637AC00D13CC1 /* XDDropDownMenu.h */,
				4E0B8F731CE637AC00D13CC1 /* XDDropDownMenu.m */,
				4E0B8F741CE637AC00D13CC1 /* XDIndexPath.h */,
				4E0B8F751CE637AC00D13CC1 /* XDIndexPath.m */,
			);
			path = Classes;
			sourceTree = "<group>";
		};
		4EF2DD111CD77B7100558674 = {
			isa = PBXGroup;
			children = (
				4EF2DD1C1CD77B7200558674 /* XDDropDownMenu */,
				4EF2DD1B1CD77B7200558674 /* Products */,
			);
			sourceTree = "<group>";
		};
		4EF2DD1B1CD77B7200558674 /* Products */ = {
			isa = PBXGroup;
			children = (
				4EF2DD1A1CD77B7200558674 /* XDDropDownMenu.app */,
			);
			name = Products;
			sourceTree = "<group>";
		};
		4EF2DD1C1CD77B7200558674 /* XDDropDownMenu */ = {
			isa = PBXGroup;
			children = (
				4E0B8F701CE637AC00D13CC1 /* Classes */,
				4EF2DD201CD77B7200558674 /* AppDelegate.h */,
				4EF2DD211CD77B7200558674 /* AppDelegate.m */,
				4EF2DD231CD77B7200558674 /* ViewController.h */,
				4EF2DD241CD77B7200558674 /* ViewController.m */,
				4EF2DD261CD77B7200558674 /* Main.storyboard */,
				4EF2DD291CD77B7200558674 /* Assets.xcassets */,
				4EF2DD2B1CD77B7200558674 /* LaunchScreen.storyboard */,
				4EF2DD2E1CD77B7200558674 /* Info.plist */,
				4EF2DD1D1CD77B7200558674 /* Supporting Files */,
			);
			path = XDDropDownMenu;
			sourceTree = "<group>";
		};
		4EF2DD1D1CD77B7200558674 /* Supporting Files */ = {
			isa = PBXGroup;
			children = (
				4EF2DD1E1CD77B7200558674 /* main.m */,
			);
			name = "Supporting Files";
			sourceTree = "<group>";
		};
/* End PBXGroup section */

/* Begin PBXNativeTarget section */
		4EF2DD191CD77B7200558674 /* XDDropDownMenu */ = {
			isa = PBXNativeTarget;
			buildConfigurationList = 4EF2DD311CD77B7200558674 /* Build configuration list for PBXNativeTarget "XDDropDownMenu" */;
			buildPhases = (
				4EF2DD161CD77B7200558674 /* Sources */,
				4EF2DD171CD77B7200558674 /* Frameworks */,
				4EF2DD181CD77B7200558674 /* Resources */,
			);
			buildRules = (
			);
			dependencies = (
			);
			name = XDDropDownMenu;
			productName = XDDropDownMenu;
			productReference = 4EF2DD1A1CD77B7200558674 /* XDDropDownMenu.app */;
			productType = "com.apple.product-type.application";
		};
/* End PBXNativeTarget section */

/* Begin PBXProject section */
		4EF2DD121CD77B7100558674 /* Project object */ = {
			isa = PBXProject;
			attributes = {
				LastUpgradeCheck = 0730;
				ORGANIZATIONNAME = "蔡欣东";
				TargetAttributes = {
					4EF2DD191CD77B7200558674 = {
						CreatedOnToolsVersion = 7.3;
					};
				};
			};
			buildConfigurationList = 4EF2DD151CD77B7100558674 /* Build configuration list for PBXProject "XDDropDownMenu" */;
			compatibilityVersion = "Xcode 3.2";
			developmentRegion = English;
			hasScannedForEncodings = 0;
			knownRegions = (
				en,
				Base,
			);
			mainGroup = 4EF2DD111CD77B7100558674;
			productRefGroup = 4EF2DD1B1CD77B7200558674 /* Products */;
			projectDirPath = "";
			projectRoot = "";
			targets = (
				4EF2DD191CD77B7200558674 /* XDDropDownMenu */,
			);
		};
/* End PBXProject section */

/* Begin PBXResourcesBuildPhase section */
		4EF2DD181CD77B7200558674 /* Resources */ = {
			isa = PBXResourcesBuildPhase;
			buildActionMask = 2147483647;
			files = (
				4EF2DD2D1CD77B7200558674 /* LaunchScreen.storyboard in Resources */,
				4E0B8F761CE637AC00D13CC1 /* select.png in Resources */,
				4EF2DD2A1CD77B7200558674 /* Assets.xcassets in Resources */,
				4EF2DD281CD77B7200558674 /* Main.storyboard in Resources */,
			);
			runOnlyForDeploymentPostprocessing = 0;
		};
/* End PBXResourcesBuildPhase section */

/* Begin PBXSourcesBuildPhase section */
		4EF2DD161CD77B7200558674 /* Sources */ = {
			isa = PBXSourcesBuildPhase;
			buildActionMask = 2147483647;
			files = (
				4EF2DD251CD77B7200558674 /* ViewController.m in Sources */,
				4E0B8F771CE637AC00D13CC1 /* XDDropDownMenu.m in Sources */,
				4EF2DD221CD77B7200558674 /* AppDelegate.m in Sources */,
				4E0B8F781CE637AC00D13CC1 /* XDIndexPath.m in Sources */,
				4EF2DD1F1CD77B7200558674 /* main.m in Sources */,
			);
			runOnlyForDeploymentPostprocessing = 0;
		};
/* End PBXSourcesBuildPhase section */

/* Begin PBXVariantGroup section */
		4EF2DD261CD77B7200558674 /* Main.storyboard */ = {
			isa = PBXVariantGroup;
			children = (
				4EF2DD271CD77B7200558674 /* Base */,
			);
			name = Main.storyboard;
			sourceTree = "<group>";
		};
		4EF2DD2B1CD77B7200558674 /* LaunchScreen.storyboard */ = {
			isa = PBXVariantGroup;
			children = (
				4EF2DD2C1CD77B7200558674 /* Base */,
			);
			name = LaunchScreen.storyboard;
			sourceTree = "<group>";
		};
/* End PBXVariantGroup section */

/* Begin XCBuildConfiguration section */
		4EF2DD2F1CD77B7200558674 /* Debug */ = {
			isa = XCBuildConfiguration;
			buildSettings = {
				ALWAYS_SEARCH_USER_PATHS = NO;
				CLANG_ANALYZER_NONNULL = YES;
				CLANG_CXX_LANGUAGE_STANDARD = "gnu++0x";
				CLANG_CXX_LIBRARY = "libc++";
				CLANG_ENABLE_MODULES = YES;
				CLANG_ENABLE_OBJC_ARC = YES;
				CLANG_WARN_BOOL_CONVERSION = YES;
				CLANG_WARN_CONSTANT_CONVERSION = YES;
				CLANG_WARN_DIRECT_OBJC_ISA_USAGE = YES_ERROR;
				CLANG_WARN_EMPTY_BODY = YES;
				CLANG_WARN_ENUM_CONVERSION = YES;
				CLANG_WARN_INT_CONVERSION = YES;
				CLANG_WARN_OBJC_ROOT_CLASS = YES_ERROR;
				CLANG_WARN_UNREACHABLE_CODE = YES;
				CLANG_WARN__DUPLICATE_METHOD_MATCH = YES;
				"CODE_SIGN_IDENTITY[sdk=iphoneos*]" = "iPhone Developer";
				COPY_PHASE_STRIP = NO;
				DEBUG_INFORMATION_FORMAT = dwarf;
				ENABLE_STRICT_OBJC_MSGSEND = YES;
				ENABLE_TESTABILITY = YES;
				GCC_C_LANGUAGE_STANDARD = gnu99;
				GCC_DYNAMIC_NO_PIC = NO;
				GCC_NO_COMMON_BLOCKS = YES;
				GCC_OPTIMIZATION_LEVEL = 0;
				GCC_PREPROCESSOR_DEFINITIONS = (
					"DEBUG=1",
					"$(inherited)",
				);
				GCC_WARN_64_TO_32_BIT_CONVERSION = YES;
				GCC_WARN_ABOUT_RETURN_TYPE = YES_ERROR;
				GCC_WARN_UNDECLARED_SELECTOR = YES;
				GCC_WARN_UNINITIALIZED_AUTOS = YES_AGGRESSIVE;
				GCC_WARN_UNUSED_FUNCTION = YES;
				GCC_WARN_UNUSED_VARIABLE = YES;
				IPHONEOS_DEPLOYMENT_TARGET = 9.3;
				MTL_ENABLE_DEBUG_INFO = YES;
				ONLY_ACTIVE_ARCH = YES;
				SDKROOT = iphoneos;
			};
			name = Debug;
		};
		4EF2DD301CD77B7200558674 /* Release */ = {
			isa = XCBuildConfiguration;
			buildSettings = {
				ALWAYS_SEARCH_USER_PATHS = NO;
				CLANG_ANALYZER_NONNULL = YES;
				CLANG_CXX_LANGUAGE_STANDARD = "gnu++0x";
				CLANG_CXX_LIBRARY = "libc++";
				CLANG_ENABLE_MODULES = YES;
				CLANG_ENABLE_OBJC_ARC = YES;
				CLANG_WARN_BOOL_CONVERSION = YES;
				CLANG_WARN_CONSTANT_CONVERSION = YES;
				CLANG_WARN_DIRECT_OBJC_ISA_USAGE = YES_ERROR;
				CLANG_WARN_EMPTY_BODY = YES;
				CLANG_WARN_ENUM_CONVERSION = YES;
				CLANG_WARN_INT_CONVERSION = YES;
				CLANG_WARN_OBJC_ROOT_CLASS = YES_ERROR;
				CLANG_WARN_UNREACHABLE_CODE = YES;
				CLANG_WARN__DUPLICATE_METHOD_MATCH = YES;
				"CODE_SIGN_IDENTITY[sdk=iphoneos*]" = "iPhone Developer";
				COPY_PHASE_STRIP = NO;
				DEBUG_INFORMATION_FORMAT = "dwarf-with-dsym";
				ENABLE_NS_ASSERTIONS = NO;
				ENABLE_STRICT_OBJC_MSGSEND = YES;
				GCC_C_LANGUAGE_STANDARD = gnu99;
				GCC_NO_COMMON_BLOCKS = YES;
				GCC_WARN_64_TO_32_BIT_CONVERSION = YES;
				GCC_WARN_ABOUT_RETURN_TYPE = YES_ERROR;
				GCC_WARN_UNDECLARED_SELECTOR = YES;
				GCC_WARN_UNINITIALIZED_AUTOS = YES_AGGRESSIVE;
				GCC_WARN_UNUSED_FUNCTION = YES;
				GCC_WARN_UNUSED_VARIABLE = YES;
				IPHONEOS_DEPLOYMENT_TARGET = 9.3;
				MTL_ENABLE_DEBUG_INFO = NO;
				SDKROOT = iphoneos;
				VALIDATE_PRODUCT = YES;
			};
			name = Release;
		};
		4EF2DD321CD77B7200558674 /* Debug */ = {
			isa = XCBuildConfiguration;
			buildSettings = {
				ASSETCATALOG_COMPILER_APPICON_NAME = AppIcon;
				INFOPLIST_FILE = XDDropDownMenu/Info.plist;
				LD_RUNPATH_SEARCH_PATHS = "$(inherited) @executable_path/Frameworks";
				PRODUCT_BUNDLE_IDENTIFIER = com.xindong.XDDropDownMenu;
				PRODUCT_NAME = "$(TARGET_NAME)";
			};
			name = Debug;
		};
		4EF2DD331CD77B7200558674 /* Release */ = {
			isa = XCBuildConfiguration;
			buildSettings = {
				ASSETCATALOG_COMPILER_APPICON_NAME = AppIcon;
				INFOPLIST_FILE = XDDropDownMenu/Info.plist;
				LD_RUNPATH_SEARCH_PATHS = "$(inherited) @executable_path/Frameworks";
				PRODUCT_BUNDLE_IDENTIFIER = com.xindong.XDDropDownMenu;
				PRODUCT_NAME = "$(TARGET_NAME)";
			};
			name = Release;
		};
/* End XCBuildConfiguration section */

/* Begin XCConfigurationList section */
		4EF2DD151CD77B7100558674 /* Build configuration list for PBXProject "XDDropDownMenu" */ = {
			isa = XCConfigurationList;
			buildConfigurations = (
				4EF2DD2F1CD77B7200558674 /* Debug */,
				4EF2DD301CD77B7200558674 /* Release */,
			);
			defaultConfigurationIsVisible = 0;
			defaultConfigurationName = Release;
		};
		4EF2DD311CD77B7200558674 /* Build configuration list for PBXNativeTarget "XDDropDownMenu" */ = {
			isa = XCConfigurationList;
			buildConfigurations = (
				4EF2DD321CD77B7200558674 /* Debug */,
				4EF2DD331CD77B7200558674 /* Release */,
			);
			defaultConfigurationIsVisible = 0;
			defaultConfigurationName = Release;
		};
/* End XCConfigurationList section */
	};
	rootObject = 4EF2DD121CD77B7100558674 /* Project object */;
}
